
Microsoft Visual Studio Solution File, Format Version 12.00
# Visual Studio Version 16
VisualStudioVersion = 16.0.30413.136
MinimumVisualStudioVersion = 10.0.40219.1
Project("{F184B08F-C81C-45F6-A57F-5ABD9991F28F}") = "Oblique", "Oblique.vbproj", "{8595D7DB-4F54-4538-BA45-CF2C56FF4505}"
EndProject
Global
	GlobalSection(SolutionConfigurationPlatforms) = preSolution
		Debug|Any CPU = Debug|Any CPU
		Release|Any CPU = Release|Any CPU
	EndGlobalSection
	GlobalSection(ProjectConfigurationPlatforms) = postSolution
		{8595D7DB-4F54-4538-BA45-CF2C56FF4505}.Debug|Any CPU.ActiveCfg = Debug|Any CPU
		{8595D7DB-4F54-4538-BA45-CF2C56FF4505}.Debug|Any CPU.Build.0 = Debug|Any CPU
		{8595D7DB-4F54-4538-BA45-CF2C56FF4505}.Release|Any CPU.ActiveCfg = Release|Any CPU
		{8595D7DB-4F54-4538-BA45-CF2C56FF4505}.Release|Any CPU.Build.0 = Release|Any CPU
	EndGlobalSection
	GlobalSection(SolutionProperties) = preSolution
		HideSolutionNode = FALSE
	EndGlobalSection
	GlobalSection(ExtensibilityGlobals) = postSolution
		SolutionGuid = {7F12FF77-F930-4C47-A1EB-B3A01B4A7960}
	EndGlobalSection
EndGlobal
